
Microsoft Visual Studio Solution File, Format Version 12.00
# Visual Studio Version 17
VisualStudioVersion = 17.3.32825.248
MinimumVisualStudioVersion = 10.0.40219.1
Project("{FAE04EC0-301F-11D3-BF4B-00C04F79EFBC}") = "Week4Loops", "Week4Loops\Week4Loops.csproj", "{045A7875-A7D6-4AE5-ACA6-09565A755C9B}"
EndProject
Project("{FAE04EC0-301F-11D3-BF4B-00C04F79EFBC}") = "ForLoopSum", "ForLoopSum\ForLoopSum.csproj", "{7860BCEC-1EF7-492A-A9CE-FF996FD9FD74}"
EndProject
Project("{FAE04EC0-301F-11D3-BF4B-00C04F79EFBC}") = "ForLoopCount", "ForLoopCount\ForLoopCount.csproj", "{EA0C76CF-F616-4AC4-B455-6867AA45A936}"
EndProject
Project("{FAE04EC0-301F-11D3-BF4B-00C04F79EFBC}") = "RandomNumber", "RandomNumber\RandomNumber.csproj", "{8FF0212F-631D-4D99-AEF7-11E94B1E23A0}"
EndProject
Project("{FAE04EC0-301F-11D3-BF4B-00C04F79EFBC}") = "WhileLoops", "WhileLoops\WhileLoops.csproj", "{4F4DAAC8-9F50-4E39-B362-F24E380BAA6E}"
EndProject
Project("{FAE04EC0-301F-11D3-BF4B-00C04F79EFBC}") = "TestWeek4", "TestWeek4\TestWeek4.csproj", "{23B4B346-DDB7-4EC7-8920-E178B55DDF4B}"
EndProject
Project("{FAE04EC0-301F-11D3-BF4B-00C04F79EFBC}") = "TestWeek4Dice", "TestWeek4Dice\TestWeek4Dice.csproj", "{189BC084-884F-4485-AB08-B4F9EB429E5D}"
EndProject
Global
	GlobalSection(SolutionConfigurationPlatforms) = preSolution
		Debug|Any CPU = Debug|Any CPU
		Release|Any CPU = Release|Any CPU
	EndGlobalSection
	GlobalSection(ProjectConfigurationPlatforms) = postSolution
		{045A7875-A7D6-4AE5-ACA6-09565A755C9B}.Debug|Any CPU.ActiveCfg = Debug|Any CPU
		{045A7875-A7D6-4AE5-ACA6-09565A755C9B}.Debug|Any CPU.Build.0 = Debug|Any CPU
		{045A7875-A7D6-4AE5-ACA6-09565A755C9B}.Release|Any CPU.ActiveCfg = Release|Any CPU
		{045A7875-A7D6-4AE5-ACA6-09565A755C9B}.Release|Any CPU.Build.0 = Release|Any CPU
		{7860BCEC-1EF7-492A-A9CE-FF996FD9FD74}.Debug|Any CPU.ActiveCfg = Debug|Any CPU
		{7860BCEC-1EF7-492A-A9CE-FF996FD9FD74}.Debug|Any CPU.Build.0 = Debug|Any CPU
		{7860BCEC-1EF7-492A-A9CE-FF996FD9FD74}.Release|Any CPU.ActiveCfg = Release|Any CPU
		{7860BCEC-1EF7-492A-A9CE-FF996FD9FD74}.Release|Any CPU.Build.0 = Release|Any CPU
		{EA0C76CF-F616-4AC4-B455-6867AA45A936}.Debug|Any CPU.ActiveCfg = Debug|Any CPU
		{EA0C76CF-F616-4AC4-B455-6867AA45A936}.Debug|Any CPU.Build.0 = Debug|Any CPU
		{EA0C76CF-F616-4AC4-B455-6867AA45A936}.Release|Any CPU.ActiveCfg = Release|Any CPU
		{EA0C76CF-F616-4AC4-B455-6867AA45A936}.Release|Any CPU.Build.0 = Release|Any CPU
		{8FF0212F-631D-4D99-AEF7-11E94B1E23A0}.Debug|Any CPU.ActiveCfg = Debug|Any CPU
		{8FF0212F-631D-4D99-AEF7-11E94B1E23A0}.Debug|Any CPU.Build.0 = Debug|Any CPU
		{8FF0212F-631D-4D99-AEF7-11E94B1E23A0}.Release|Any CPU.ActiveCfg = Release|Any CPU
		{8FF0212F-631D-4D99-AEF7-11E94B1E23A0}.Release|Any CPU.Build.0 = Release|Any CPU
		{4F4DAAC8-9F50-4E39-B362-F24E380BAA6E}.Debug|Any CPU.ActiveCfg = Debug|Any CPU
		{4F4DAAC8-9F50-4E39-B362-F24E380BAA6E}.Debug|Any CPU.Build.0 = Debug|Any CPU
		{4F4DAAC8-9F50-4E39-B362-F24E380BAA6E}.Release|Any CPU.ActiveCfg = Release|Any CPU
		{4F4DAAC8-9F50-4E39-B362-F24E380BAA6E}.Release|Any CPU.Build.0 = Release|Any CPU
		{23B4B346-DDB7-4EC7-8920-E178B55DDF4B}.Debug|Any CPU.ActiveCfg = Debug|Any CPU
		{23B4B346-DDB7-4EC7-8920-E178B55DDF4B}.Debug|Any CPU.Build.0 = Debug|Any CPU
		{23B4B346-DDB7-4EC7-8920-E178B55DDF4B}.Release|Any CPU.ActiveCfg = Release|Any CPU
		{23B4B346-DDB7-4EC7-8920-E178B55DDF4B}.Release|Any CPU.Build.0 = Release|Any CPU
		{189BC084-884F-4485-AB08-B4F9EB429E5D}.Debug|Any CPU.ActiveCfg = Debug|Any CPU
		{189BC084-884F-4485-AB08-B4F9EB429E5D}.Debug|Any CPU.Build.0 = Debug|Any CPU
		{189BC084-884F-4485-AB08-B4F9EB429E5D}.Release|Any CPU.ActiveCfg = Release|Any CPU
		{189BC084-884F-4485-AB08-B4F9EB429E5D}.Release|Any CPU.Build.0 = Release|Any CPU
	EndGlobalSection
	GlobalSection(SolutionProperties) = preSolution
		HideSolutionNode = FALSE
	EndGlobalSection
	GlobalSection(ExtensibilityGlobals) = postSolution
		SolutionGuid = {51B2FFF6-31C1-4AF1-9CBA-465769251F50}
	EndGlobalSection
EndGlobal
